// !$*UTF8*$!
{
	archiveVersion = 1;
	classes = {
	};
	objectVersion = 46;
	objects = {

/* Begin PBXBuildFile section */
		7AAB71671A06D51700AA9F41 /* Squares Bold Free.otf in Resources */ = {isa = PBXBuildFile; fileRef = 7AAB71661A06D51700AA9F41 /* Squares Bold Free.otf */; };
		7AAB71691A06D76900AA9F41 /* Minecrafter.Reg.ttf in Resources */ = {isa = PBXBuildFile; fileRef = 7AAB71681A06D76900AA9F41 /* Minecrafter.Reg.ttf */; };
		7AB08E5C1A1E240700102A87 /* WatchKit.framework in Frameworks */ = {isa = PBXBuildFile; fileRef = 7AB08E5B1A1E240700102A87 /* WatchKit.framework */; };
		7AB08E631A1E240700102A87 /* InterfaceController.m in Sources */ = {isa = PBXBuildFile; fileRef = 7AB08E621A1E240700102A87 /* InterfaceController.m */; };
		7AB08E661A1E240700102A87 /* NotificationController.m in Sources */ = {isa = PBXBuildFile; fileRef = 7AB08E651A1E240700102A87 /* NotificationController.m */; };
		7AB08E681A1E240700102A87 /* Images.xcassets in Resources */ = {isa = PBXBuildFile; fileRef = 7AB08E671A1E240700102A87 /* Images.xcassets */; };
		7AB08E6C1A1E240700102A87 /* CubeDodger Watch App.app in Resources */ = {isa = PBXBuildFile; fileRef = 7AB08E6B1A1E240700102A87 /* CubeDodger Watch App.app */; };
		7AB08E731A1E240700102A87 /* Interface.storyboard in Resources */ = {isa = PBXBuildFile; fileRef = 7AB08E721A1E240700102A87 /* Interface.storyboard */; };
		7AB08E751A1E240700102A87 /* Images.xcassets in Resources */ = {isa = PBXBuildFile; fileRef = 7AB08E741A1E240700102A87 /* Images.xcassets */; };
		7AB08E781A1E240700102A87 /* CubeDodger WatchKit Extension.appex in Embed App Extensions */ = {isa = PBXBuildFile; fileRef = 7AB08E591A1E240700102A87 /* CubeDodger WatchKit Extension.appex */; settings = {ATTRIBUTES = (RemoveHeadersOnCopy, ); }; };
		7AC24D8219F7B9D100D0F7BD /* main.m in Sources */ = {isa = PBXBuildFile; fileRef = 7AC24D8119F7B9D100D0F7BD /* main.m */; };
		7AC24D8519F7B9D100D0F7BD /* AppDelegate.m in Sources */ = {isa = PBXBuildFile; fileRef = 7AC24D8419F7B9D100D0F7BD /* AppDelegate.m */; };
		7AC24D8D19F7B9D100D0F7BD /* Images.xcassets in Resources */ = {isa = PBXBuildFile; fileRef = 7AC24D8C19F7B9D100D0F7BD /* Images.xcassets */; };
		7AC24D9019F7B9D100D0F7BD /* LaunchScreen.xib in Resources */ = {isa = PBXBuildFile; fileRef = 7AC24D8E19F7B9D100D0F7BD /* LaunchScreen.xib */; };
		7AC24D9C19F7B9D100D0F7BD /* CubeDodgerTests.m in Sources */ = {isa = PBXBuildFile; fileRef = 7AC24D9B19F7B9D100D0F7BD /* CubeDodgerTests.m */; };
		7AC24DAE19F7BB0A00D0F7BD /* GEScene.m in Sources */ = {isa = PBXBuildFile; fileRef = 7AC24DA619F7BB0A00D0F7BD /* GEScene.m */; };
		7AC24DAF19F7BB0A00D0F7BD /* GESceneController.m in Sources */ = {isa = PBXBuildFile; fileRef = 7AC24DA819F7BB0A00D0F7BD /* GESceneController.m */; };
		7AC24DB019F7BB0A00D0F7BD /* GEShape.m in Sources */ = {isa = PBXBuildFile; fileRef = 7AC24DAA19F7BB0A00D0F7BD /* GEShape.m */; };
		7AC24DBC19F7BB3C00D0F7BD /* OParabole.m in Sources */ = {isa = PBXBuildFile; fileRef = 7AC24DB419F7BB3C00D0F7BD /* OParabole.m */; };
		7AC24DBD19F7BB3C00D0F7BD /* ORectiligne.m in Sources */ = {isa = PBXBuildFile; fileRef = 7AC24DB619F7BB3C00D0F7BD /* ORectiligne.m */; };
		7AC24DBF19F7BB3C00D0F7BD /* Storyboard.storyboard in Resources */ = {isa = PBXBuildFile; fileRef = 7AC24DB919F7BB3C00D0F7BD /* Storyboard.storyboard */; };
		7AC24DC019F7BB3C00D0F7BD /* WelcomeViewController.m in Sources */ = {isa = PBXBuildFile; fileRef = 7AC24DBB19F7BB3C00D0F7BD /* WelcomeViewController.m */; };
		7ACA34B41A08E89300155858 /* iAd.framework in Frameworks */ = {isa = PBXBuildFile; fileRef = 7ACA34B31A08E89300155858 /* iAd.framework */; };
		7AE9A2F51A128FB0001C429B /* ShapeView.m in Sources */ = {isa = PBXBuildFile; fileRef = 7AE9A2F41A128FB0001C429B /* ShapeView.m */; };
/* End PBXBuildFile section */

/* Begin PBXContainerItemProxy section */
		7AB08E6D1A1E240700102A87 /* PBXContainerItemProxy */ = {
			isa = PBXContainerItemProxy;
			containerPortal = 7AC24D7419F7B9D100D0F7BD /* Project object */;
			proxyType = 1;
			remoteGlobalIDString = 7AB08E6A1A1E240700102A87;
			remoteInfo = "CubeDodger Watch App";
		};
		7AB08E761A1E240700102A87 /* PBXContainerItemProxy */ = {
			isa = PBXContainerItemProxy;
			containerPortal = 7AC24D7419F7B9D100D0F7BD /* Project object */;
			proxyType = 1;
			remoteGlobalIDString = 7AB08E581A1E240700102A87;
			remoteInfo = "CubeDodger WatchKit Extension";
		};
		7AC24D9619F7B9D100D0F7BD /* PBXContainerItemProxy */ = {
			isa = PBXContainerItemProxy;
			containerPortal = 7AC24D7419F7B9D100D0F7BD /* Project object */;
			proxyType = 1;
			remoteGlobalIDString = 7AC24D7B19F7B9D100D0F7BD;
			remoteInfo = CubeDodger;
		};
/* End PBXContainerItemProxy section */

/* Begin PBXCopyFilesBuildPhase section */
		7AB08E7F1A1E240700102A87 /* Embed App Extensions */ = {
			isa = PBXCopyFilesBuildPhase;
			buildActionMask = 2147483647;
			dstPath = "";
			dstSubfolderSpec = 13;
			files = (
				7AB08E781A1E240700102A87 /* CubeDodger WatchKit Extension.appex in Embed App Extensions */,
			);
			name = "Embed App Extensions";
			runOnlyForDeploymentPostprocessing = 0;
		};
/* End PBXCopyFilesBuildPhase section */

/* Begin PBXFileReference section */
		7A6D5C7D1A1E540D009261F3 /* CubeDodger.entitlements */ = {isa = PBXFileReference; lastKnownFileType = text.xml; path = CubeDodger.entitlements; sourceTree = "<group>"; };
		7A6D5C7E1A1E56C1009261F3 /* CubeDodger WatchKit Extension.entitlements */ = {isa = PBXFileReference; lastKnownFileType = text.xml; path = "CubeDodger WatchKit Extension.entitlements"; sourceTree = "<group>"; };
		7AAB71661A06D51700AA9F41 /* Squares Bold Free.otf */ = {isa = PBXFileReference; lastKnownFileType = file; path = "Squares Bold Free.otf"; sourceTree = "<group>"; };
		7AAB71681A06D76900AA9F41 /* Minecrafter.Reg.ttf */ = {isa = PBXFileReference; lastKnownFileType = file; path = Minecrafter.Reg.ttf; sourceTree = "<group>"; };
		7AB08E591A1E240700102A87 /* CubeDodger WatchKit Extension.appex */ = {isa = PBXFileReference; explicitFileType = "wrapper.app-extension"; includeInIndex = 0; path = "CubeDodger WatchKit Extension.appex"; sourceTree = BUILT_PRODUCTS_DIR; };
		7AB08E5B1A1E240700102A87 /* WatchKit.framework */ = {isa = PBXFileReference; lastKnownFileType = wrapper.framework; name = WatchKit.framework; path = System/Library/Frameworks/WatchKit.framework; sourceTree = SDKROOT; };
		7AB08E5F1A1E240700102A87 /* Info.plist */ = {isa = PBXFileReference; lastKnownFileType = text.plist.xml; path = Info.plist; sourceTree = "<group>"; };
		7AB08E601A1E240700102A87 /* PushNotificationPayload.json */ = {isa = PBXFileReference; lastKnownFileType = text.json; path = PushNotificationPayload.json; sourceTree = "<group>"; };
		7AB08E611A1E240700102A87 /* InterfaceController.h */ = {isa = PBXFileReference; lastKnownFileType = sourcecode.c.h; path = InterfaceController.h; sourceTree = "<group>"; };
		7AB08E621A1E240700102A87 /* InterfaceController.m */ = {isa = PBXFileReference; lastKnownFileType = sourcecode.c.objc; path = InterfaceController.m; sourceTree = "<group>"; };
		7AB08E641A1E240700102A87 /* NotificationController.h */ = {isa = PBXFileReference; lastKnownFileType = sourcecode.c.h; path = NotificationController.h; sourceTree = "<group>"; };
		7AB08E651A1E240700102A87 /* NotificationController.m */ = {isa = PBXFileReference; lastKnownFileType = sourcecode.c.objc; path = NotificationController.m; sourceTree = "<group>"; };
		7AB08E671A1E240700102A87 /* Images.xcassets */ = {isa = PBXFileReference; lastKnownFileType = folder.assetcatalog; path = Images.xcassets; sourceTree = "<group>"; };
		7AB08E6B1A1E240700102A87 /* CubeDodger Watch App.app */ = {isa = PBXFileReference; explicitFileType = wrapper.application; includeInIndex = 0; path = "CubeDodger Watch App.app"; sourceTree = BUILT_PRODUCTS_DIR; };
		7AB08E711A1E240700102A87 /* Info.plist */ = {isa = PBXFileReference; lastKnownFileType = text.plist.xml; path = Info.plist; sourceTree = "<group>"; };
		7AB08E721A1E240700102A87 /* Interface.storyboard */ = {isa = PBXFileReference; lastKnownFileType = file.storyboard; path = Interface.storyboard; sourceTree = "<group>"; };
		7AB08E741A1E240700102A87 /* Images.xcassets */ = {isa = PBXFileReference; lastKnownFileType = folder.assetcatalog; path = Images.xcassets; sourceTree = "<group>"; };
		7AC24D7C19F7B9D100D0F7BD /* CubeDodger.app */ = {isa = PBXFileReference; explicitFileType = wrapper.application; includeInIndex = 0; path = CubeDodger.app; sourceTree = BUILT_PRODUCTS_DIR; };
		7AC24D8019F7B9D100D0F7BD /* Info.plist */ = {isa = PBXFileReference; lastKnownFileType = text.plist.xml; path = Info.plist; sourceTree = "<group>"; };
		7AC24D8119F7B9D100D0F7BD /* main.m */ = {isa = PBXFileReference; lastKnownFileType = sourcecode.c.objc; path = main.m; sourceTree = "<group>"; };
		7AC24D8319F7B9D100D0F7BD /* AppDelegate.h */ = {isa = PBXFileReference; lastKnownFileType = sourcecode.c.h; path = AppDelegate.h; sourceTree = "<group>"; };
		7AC24D8419F7B9D100D0F7BD /* AppDelegate.m */ = {isa = PBXFileReference; lastKnownFileType = sourcecode.c.objc; path = AppDelegate.m; sourceTree = "<group>"; };
		7AC24D8C19F7B9D100D0F7BD /* Images.xcassets */ = {isa = PBXFileReference; lastKnownFileType = folder.assetcatalog; path = Images.xcassets; sourceTree = "<group>"; };
		7AC24D8F19F7B9D100D0F7BD /* Base */ = {isa = PBXFileReference; lastKnownFileType = file.xib; name = Base; path = Base.lproj/LaunchScreen.xib; sourceTree = "<group>"; };
		7AC24D9519F7B9D100D0F7BD /* CubeDodgerTests.xctest */ = {isa = PBXFileReference; explicitFileType = wrapper.cfbundle; includeInIndex = 0; path = CubeDodgerTests.xctest; sourceTree = BUILT_PRODUCTS_DIR; };
		7AC24D9A19F7B9D100D0F7BD /* Info.plist */ = {isa = PBXFileReference; lastKnownFileType = text.plist.xml; path = Info.plist; sourceTree = "<group>"; };
		7AC24D9B19F7B9D100D0F7BD /* CubeDodgerTests.m */ = {isa = PBXFileReference; lastKnownFileType = sourcecode.c.objc; path = CubeDodgerTests.m; sourceTree = "<group>"; };
		7AC24DA519F7BB0A00D0F7BD /* GEScene.h */ = {isa = PBXFileReference; fileEncoding = 4; lastKnownFileType = sourcecode.c.h; name = GEScene.h; path = ../../../../Dropbox/Programmation/CubeDodger/GameEngine/GEScene.h; sourceTree = "<group>"; };
		7AC24DA619F7BB0A00D0F7BD /* GEScene.m */ = {isa = PBXFileReference; fileEncoding = 4; lastKnownFileType = sourcecode.c.objc; name = GEScene.m; path = ../../../../Dropbox/Programmation/CubeDodger/GameEngine/GEScene.m; sourceTree = "<group>"; };
		7AC24DA719F7BB0A00D0F7BD /* GESceneController.h */ = {isa = PBXFileReference; fileEncoding = 4; lastKnownFileType = sourcecode.c.h; name = GESceneController.h; path = ../../../../Dropbox/Programmation/CubeDodger/GameEngine/GESceneController.h; sourceTree = "<group>"; };
		7AC24DA819F7BB0A00D0F7BD /* GESceneController.m */ = {isa = PBXFileReference; fileEncoding = 4; lastKnownFileType = sourcecode.c.objc; name = GESceneController.m; path = ../../../../Dropbox/Programmation/CubeDodger/GameEngine/GESceneController.m; sourceTree = "<group>"; };
		7AC24DA919F7BB0A00D0F7BD /* GEShape.h */ = {isa = PBXFileReference; fileEncoding = 4; lastKnownFileType = sourcecode.c.h; name = GEShape.h; path = ../../../../Dropbox/Programmation/CubeDodger/GameEngine/GEShape.h; sourceTree = "<group>"; };
		7AC24DAA19F7BB0A00D0F7BD /* GEShape.m */ = {isa = PBXFileReference; fileEncoding = 4; lastKnownFileType = sourcecode.c.objc; name = GEShape.m; path = ../../../../Dropbox/Programmation/CubeDodger/GameEngine/GEShape.m; sourceTree = "<group>"; };
		7AC24DB319F7BB3C00D0F7BD /* OParabole.h */ = {isa = PBXFileReference; fileEncoding = 4; lastKnownFileType = sourcecode.c.h; name = OParabole.h; path = ../../../../Dropbox/Programmation/CubeDodger/GameEngine/OParabole.h; sourceTree = "<group>"; };
		7AC24DB419F7BB3C00D0F7BD /* OParabole.m */ = {isa = PBXFileReference; fileEncoding = 4; lastKnownFileType = sourcecode.c.objc; name = OParabole.m; path = ../../../../Dropbox/Programmation/CubeDodger/GameEngine/OParabole.m; sourceTree = "<group>"; };
		7AC24DB519F7BB3C00D0F7BD /* ORectiligne.h */ = {isa = PBXFileReference; fileEncoding = 4; lastKnownFileType = sourcecode.c.h; name = ORectiligne.h; path = ../../../../Dropbox/Programmation/CubeDodger/GameEngine/ORectiligne.h; sourceTree = "<group>"; };
		7AC24DB619F7BB3C00D0F7BD /* ORectiligne.m */ = {isa = PBXFileReference; fileEncoding = 4; lastKnownFileType = sourcecode.c.objc; name = ORectiligne.m; path = ../../../../Dropbox/Programmation/CubeDodger/GameEngine/ORectiligne.m; sourceTree = "<group>"; };
		7AC24DB919F7BB3C00D0F7BD /* Storyboard.storyboard */ = {isa = PBXFileReference; fileEncoding = 4; lastKnownFileType = file.storyboard; name = Storyboard.storyboard; path = ../../../../Dropbox/Programmation/CubeDodger/GameEngine/Storyboard.storyboard; sourceTree = "<group>"; };
		7AC24DBA19F7BB3C00D0F7BD /* WelcomeViewController.h */ = {isa = PBXFileReference; fileEncoding = 4; lastKnownFileType = sourcecode.c.h; name = WelcomeViewController.h; path = ../../../../Dropbox/Programmation/CubeDodger/GameEngine/WelcomeViewController.h; sourceTree = "<group>"; };
		7AC24DBB19F7BB3C00D0F7BD /* WelcomeViewController.m */ = {isa = PBXFileReference; fileEncoding = 4; lastKnownFileType = sourcecode.c.objc; name = WelcomeViewController.m; path = ../../../../Dropbox/Programmation/CubeDodger/GameEngine/WelcomeViewController.m; sourceTree = "<group>"; };
		7ACA34B31A08E89300155858 /* iAd.framework */ = {isa = PBXFileReference; lastKnownFileType = wrapper.framework; name = iAd.framework; path = System/Library/Frameworks/iAd.framework; sourceTree = SDKROOT; };
		7AE9A2F31A128FB0001C429B /* ShapeView.h */ = {isa = PBXFileReference; fileEncoding = 4; lastKnownFileType = sourcecode.c.h; path = ShapeView.h; sourceTree = "<group>"; };
		7AE9A2F41A128FB0001C429B /* ShapeView.m */ = {isa = PBXFileReference; fileEncoding = 4; lastKnownFileType = sourcecode.c.objc; path = ShapeView.m; sourceTree = "<group>"; };
/* End PBXFileReference section */

/* Begin PBXFrameworksBuildPhase section */
		7AB08E561A1E240700102A87 /* Frameworks */ = {
			isa = PBXFrameworksBuildPhase;
			buildActionMask = 2147483647;
			files = (
				7AB08E5C1A1E240700102A87 /* WatchKit.framework in Frameworks */,
			);
			runOnlyForDeploymentPostprocessing = 0;
		};
		7AC24D7919F7B9D100D0F7BD /* Frameworks */ = {
			isa = PBXFrameworksBuildPhase;
			buildActionMask = 2147483647;
			files = (
				7ACA34B41A08E89300155858 /* iAd.framework in Frameworks */,
			);
			runOnlyForDeploymentPostprocessing = 0;
		};
		7AC24D9219F7B9D100D0F7BD /* Frameworks */ = {
			isa = PBXFrameworksBuildPhase;
			buildActionMask = 2147483647;
			files = (
			);
			runOnlyForDeploymentPostprocessing = 0;
		};
/* End PBXFrameworksBuildPhase section */

/* Begin PBXGroup section */
		7AB08E5A1A1E240700102A87 /* Frameworks */ = {
			isa = PBXGroup;
			children = (
				7AB08E5B1A1E240700102A87 /* WatchKit.framework */,
			);
			name = Frameworks;
			sourceTree = "<group>";
		};
		7AB08E5D1A1E240700102A87 /* CubeDodger WatchKit Extension */ = {
			isa = PBXGroup;
			children = (
				7A6D5C7E1A1E56C1009261F3 /* CubeDodger WatchKit Extension.entitlements */,
				7AB08E611A1E240700102A87 /* InterfaceController.h */,
				7AB08E621A1E240700102A87 /* InterfaceController.m */,
				7AB08E641A1E240700102A87 /* NotificationController.h */,
				7AB08E651A1E240700102A87 /* NotificationController.m */,
				7AB08E671A1E240700102A87 /* Images.xcassets */,
				7AB08E5E1A1E240700102A87 /* Supporting Files */,
			);
			path = "CubeDodger WatchKit Extension";
			sourceTree = "<group>";
		};
		7AB08E5E1A1E240700102A87 /* Supporting Files */ = {
			isa = PBXGroup;
			children = (
				7AB08E5F1A1E240700102A87 /* Info.plist */,
				7AB08E601A1E240700102A87 /* PushNotificationPayload.json */,
			);
			name = "Supporting Files";
			sourceTree = "<group>";
		};
		7AB08E6F1A1E240700102A87 /* CubeDodger Watch App */ = {
			isa = PBXGroup;
			children = (
				7AB08E721A1E240700102A87 /* Interface.storyboard */,
				7AB08E741A1E240700102A87 /* Images.xcassets */,
				7AB08E701A1E240700102A87 /* Supporting Files */,
			);
			path = "CubeDodger Watch App";
			sourceTree = "<group>";
		};
		7AB08E701A1E240700102A87 /* Supporting Files */ = {
			isa = PBXGroup;
			children = (
				7AB08E711A1E240700102A87 /* Info.plist */,
			);
			name = "Supporting Files";
			sourceTree = "<group>";
		};
		7AC24D7319F7B9D100D0F7BD = {
			isa = PBXGroup;
			children = (
				7ACA34B31A08E89300155858 /* iAd.framework */,
				7AC24D7E19F7B9D100D0F7BD /* CubeDodger */,
				7AC24D9819F7B9D100D0F7BD /* CubeDodgerTests */,
				7AB08E5D1A1E240700102A87 /* CubeDodger WatchKit Extension */,
				7AB08E6F1A1E240700102A87 /* CubeDodger Watch App */,
				7AB08E5A1A1E240700102A87 /* Frameworks */,
				7AC24D7D19F7B9D100D0F7BD /* Products */,
			);
			sourceTree = "<group>";
		};
		7AC24D7D19F7B9D100D0F7BD /* Products */ = {
			isa = PBXGroup;
			children = (
				7AC24D7C19F7B9D100D0F7BD /* CubeDodger.app */,
				7AC24D9519F7B9D100D0F7BD /* CubeDodgerTests.xctest */,
				7AB08E591A1E240700102A87 /* CubeDodger WatchKit Extension.appex */,
				7AB08E6B1A1E240700102A87 /* CubeDodger Watch App.app */,
			);
			name = Products;
			sourceTree = "<group>";
		};
		7AC24D7E19F7B9D100D0F7BD /* CubeDodger */ = {
			isa = PBXGroup;
			children = (
				7A6D5C7D1A1E540D009261F3 /* CubeDodger.entitlements */,
				7AC24DB319F7BB3C00D0F7BD /* OParabole.h */,
				7AC24DB419F7BB3C00D0F7BD /* OParabole.m */,
				7AE9A2F31A128FB0001C429B /* ShapeView.h */,
				7AE9A2F41A128FB0001C429B /* ShapeView.m */,
				7AC24DB519F7BB3C00D0F7BD /* ORectiligne.h */,
				7AC24DB619F7BB3C00D0F7BD /* ORectiligne.m */,
				7AC24DB919F7BB3C00D0F7BD /* Storyboard.storyboard */,
				7AAB71681A06D76900AA9F41 /* Minecrafter.Reg.ttf */,
				7AAB71661A06D51700AA9F41 /* Squares Bold Free.otf */,
				7AC24DBA19F7BB3C00D0F7BD /* WelcomeViewController.h */,
				7AC24DBB19F7BB3C00D0F7BD /* WelcomeViewController.m */,
				7AC24DA519F7BB0A00D0F7BD /* GEScene.h */,
				7AC24DA619F7BB0A00D0F7BD /* GEScene.m */,
				7AC24DA719F7BB0A00D0F7BD /* GESceneController.h */,
				7AC24DA819F7BB0A00D0F7BD /* GESceneController.m */,
				7AC24DA919F7BB0A00D0F7BD /* GEShape.h */,
				7AC24DAA19F7BB0A00D0F7BD /* GEShape.m */,
				7AC24D7F19F7B9D100D0F7BD /* Supporting Files */,
			);
			path = CubeDodger;
			sourceTree = "<group>";
		};
		7AC24D7F19F7B9D100D0F7BD /* Supporting Files */ = {
			isa = PBXGroup;
			children = (
				7AC24D8319F7B9D100D0F7BD /* AppDelegate.h */,
				7AC24D8419F7B9D100D0F7BD /* AppDelegate.m */,
				7AC24D8C19F7B9D100D0F7BD /* Images.xcassets */,
				7AC24D8E19F7B9D100D0F7BD /* LaunchScreen.xib */,
				7AC24D8019F7B9D100D0F7BD /* Info.plist */,
				7AC24D8119F7B9D100D0F7BD /* main.m */,
			);
			name = "Supporting Files";
			sourceTree = "<group>";
		};
		7AC24D9819F7B9D100D0F7BD /* CubeDodgerTests */ = {
			isa = PBXGroup;
			children = (
				7AC24D9B19F7B9D100D0F7BD /* CubeDodgerTests.m */,
				7AC24D9919F7B9D100D0F7BD /* Supporting Files */,
			);
			path = CubeDodgerTests;
			sourceTree = "<group>";
		};
		7AC24D9919F7B9D100D0F7BD /* Supporting Files */ = {
			isa = PBXGroup;
			children = (
				7AC24D9A19F7B9D100D0F7BD /* Info.plist */,
			);
			name = "Supporting Files";
			sourceTree = "<group>";
		};
/* End PBXGroup section */

/* Begin PBXNativeTarget section */
		7AB08E581A1E240700102A87 /* CubeDodger WatchKit Extension */ = {
			isa = PBXNativeTarget;
			buildConfigurationList = 7AB08E7E1A1E240700102A87 /* Build configuration list for PBXNativeTarget "CubeDodger WatchKit Extension" */;
			buildPhases = (
				7AB08E551A1E240700102A87 /* Sources */,
				7AB08E561A1E240700102A87 /* Frameworks */,
				7AB08E571A1E240700102A87 /* Resources */,
			);
			buildRules = (
			);
			dependencies = (
				7AB08E6E1A1E240700102A87 /* PBXTargetDependency */,
			);
			name = "CubeDodger WatchKit Extension";
			productName = "CubeDodger WatchKit Extension";
			productReference = 7AB08E591A1E240700102A87 /* CubeDodger WatchKit Extension.appex */;
			productType = "com.apple.product-type.watchkit-extension";
		};
		7AB08E6A1A1E240700102A87 /* CubeDodger Watch App */ = {
			isa = PBXNativeTarget;
			buildConfigurationList = 7AB08E7D1A1E240700102A87 /* Build configuration list for PBXNativeTarget "CubeDodger Watch App" */;
			buildPhases = (
				7AB08E691A1E240700102A87 /* Resources */,
			);
			buildRules = (
			);
			dependencies = (
			);
			name = "CubeDodger Watch App";
			productName = "CubeDodger Watch App";
			productReference = 7AB08E6B1A1E240700102A87 /* CubeDodger Watch App.app */;
			productType = "com.apple.product-type.application.watchapp";
		};
		7AC24D7B19F7B9D100D0F7BD /* CubeDodger */ = {
			isa = PBXNativeTarget;
			buildConfigurationList = 7AC24D9F19F7B9D100D0F7BD /* Build configuration list for PBXNativeTarget "CubeDodger" */;
			buildPhases = (
				7AC24D7819F7B9D100D0F7BD /* Sources */,
				7AC24D7919F7B9D100D0F7BD /* Frameworks */,
				7AC24D7A19F7B9D100D0F7BD /* Resources */,
				7AB08E7F1A1E240700102A87 /* Embed App Extensions */,
			);
			buildRules = (
			);
			dependencies = (
				7AB08E771A1E240700102A87 /* PBXTargetDependency */,
			);
			name = CubeDodger;
			productName = CubeDodger;
			productReference = 7AC24D7C19F7B9D100D0F7BD /* CubeDodger.app */;
			productType = "com.apple.product-type.application";
		};
		7AC24D9419F7B9D100D0F7BD /* CubeDodgerTests */ = {
			isa = PBXNativeTarget;
			buildConfigurationList = 7AC24DA219F7B9D100D0F7BD /* Build configuration list for PBXNativeTarget "CubeDodgerTests" */;
			buildPhases = (
				7AC24D9119F7B9D100D0F7BD /* Sources */,
				7AC24D9219F7B9D100D0F7BD /* Frameworks */,
				7AC24D9319F7B9D100D0F7BD /* Resources */,
			);
			buildRules = (
			);
			dependencies = (
				7AC24D9719F7B9D100D0F7BD /* PBXTargetDependency */,
			);
			name = CubeDodgerTests;
			productName = CubeDodgerTests;
			productReference = 7AC24D9519F7B9D100D0F7BD /* CubeDodgerTests.xctest */;
			productType = "com.apple.product-type.bundle.unit-test";
		};
/* End PBXNativeTarget section */

/* Begin PBXProject section */
		7AC24D7419F7B9D100D0F7BD /* Project object */ = {
			isa = PBXProject;
			attributes = {
				LastUpgradeCheck = 0610;
				ORGANIZATIONNAME = "Adrien Canterot";
				TargetAttributes = {
					7AB08E581A1E240700102A87 = {
						CreatedOnToolsVersion = 6.2;
						DevelopmentTeam = M44X9SK4NM;
						SystemCapabilities = {
							com.apple.ApplicationGroups.iOS = {
								enabled = 1;
							};
						};
					};
					7AB08E6A1A1E240700102A87 = {
						CreatedOnToolsVersion = 6.2;
						DevelopmentTeam = M44X9SK4NM;
					};
					7AC24D7B19F7B9D100D0F7BD = {
						CreatedOnToolsVersion = 6.1;
						DevelopmentTeam = M44X9SK4NM;
						SystemCapabilities = {
							com.apple.ApplicationGroups.iOS = {
								enabled = 1;
							};
						};
					};
					7AC24D9419F7B9D100D0F7BD = {
						CreatedOnToolsVersion = 6.1;
						TestTargetID = 7AC24D7B19F7B9D100D0F7BD;
					};
				};
			};
			buildConfigurationList = 7AC24D7719F7B9D100D0F7BD /* Build configuration list for PBXProject "CubeDodger" */;
			compatibilityVersion = "Xcode 3.2";
			developmentRegion = English;
			hasScannedForEncodings = 0;
			knownRegions = (
				en,
				Base,
			);
			mainGroup = 7AC24D7319F7B9D100D0F7BD;
			productRefGroup = 7AC24D7D19F7B9D100D0F7BD /* Products */;
			projectDirPath = "";
			projectRoot = "";
			targets = (
				7AC24D7B19F7B9D100D0F7BD /* CubeDodger */,
				7AC24D9419F7B9D100D0F7BD /* CubeDodgerTests */,
				7AB08E581A1E240700102A87 /* CubeDodger WatchKit Extension */,
				7AB08E6A1A1E240700102A87 /* CubeDodger Watch App */,
			);
		};
/* End PBXProject section */

/* Begin PBXResourcesBuildPhase section */
		7AB08E571A1E240700102A87 /* Resources */ = {
			isa = PBXResourcesBuildPhase;
			buildActionMask = 2147483647;
			files = (
				7AB08E681A1E240700102A87 /* Images.xcassets in Resources */,
				7AB08E6C1A1E240700102A87 /* CubeDodger Watch App.app in Resources */,
			);
			runOnlyForDeploymentPostprocessing = 0;
		};
		7AB08E691A1E240700102A87 /* Resources */ = {
			isa = PBXResourcesBuildPhase;
			buildActionMask = 2147483647;
			files = (
				7AB08E731A1E240700102A87 /* Interface.storyboard in Resources */,
				7AB08E751A1E240700102A87 /* Images.xcassets in Resources */,
			);
			runOnlyForDeploymentPostprocessing = 0;
		};
		7AC24D7A19F7B9D100D0F7BD /* Resources */ = {
			isa = PBXResourcesBuildPhase;
			buildActionMask = 2147483647;
			files = (
				7AC24D9019F7B9D100D0F7BD /* LaunchScreen.xib in Resources */,
				7AC24D8D19F7B9D100D0F7BD /* Images.xcassets in Resources */,
				7AC24DBF19F7BB3C00D0F7BD /* Storyboard.storyboard in Resources */,
				7AAB71671A06D51700AA9F41 /* Squares Bold Free.otf in Resources */,
				7AAB71691A06D76900AA9F41 /* Minecrafter.Reg.ttf in Resources */,
			);
			runOnlyForDeploymentPostprocessing = 0;
		};
		7AC24D9319F7B9D100D0F7BD /* Resources */ = {
			isa = PBXResourcesBuildPhase;
			buildActionMask = 2147483647;
			files = (
			);
			runOnlyForDeploymentPostprocessing = 0;
		};
/* End PBXResourcesBuildPhase section */

/* Begin PBXSourcesBuildPhase section */
		7AB08E551A1E240700102A87 /* Sources */ = {
			isa = PBXSourcesBuildPhase;
			buildActionMask = 2147483647;
			files = (
				7AB08E661A1E240700102A87 /* NotificationController.m in Sources */,
				7AB08E631A1E240700102A87 /* InterfaceController.m in Sources */,
			);
			runOnlyForDeploymentPostprocessing = 0;
		};
		7AC24D7819F7B9D100D0F7BD /* Sources */ = {
			isa = PBXSourcesBuildPhase;
			buildActionMask = 2147483647;
			files = (
				7AC24D8519F7B9D100D0F7BD /* AppDelegate.m in Sources */,
				7AE9A2F51A128FB0001C429B /* ShapeView.m in Sources */,
				7AC24DAE19F7BB0A00D0F7BD /* GEScene.m in Sources */,
				7AC24DBC19F7BB3C00D0F7BD /* OParabole.m in Sources */,
				7AC24DB019F7BB0A00D0F7BD /* GEShape.m in Sources */,
				7AC24DC019F7BB3C00D0F7BD /* WelcomeViewController.m in Sources */,
				7AC24DAF19F7BB0A00D0F7BD /* GESceneController.m in Sources */,
				7AC24D8219F7B9D100D0F7BD /* main.m in Sources */,
				7AC24DBD19F7BB3C00D0F7BD /* ORectiligne.m in Sources */,
			);
			runOnlyForDeploymentPostprocessing = 0;
		};
		7AC24D9119F7B9D100D0F7BD /* Sources */ = {
			isa = PBXSourcesBuildPhase;
			buildActionMask = 2147483647;
			files = (
				7AC24D9C19F7B9D100D0F7BD /* CubeDodgerTests.m in Sources */,
			);
			runOnlyForDeploymentPostprocessing = 0;
		};
/* End PBXSourcesBuildPhase section */

/* Begin PBXTargetDependency section */
		7AB08E6E1A1E240700102A87 /* PBXTargetDependency */ = {
			isa = PBXTargetDependency;
			target = 7AB08E6A1A1E240700102A87 /* CubeDodger Watch App */;
			targetProxy = 7AB08E6D1A1E240700102A87 /* PBXContainerItemProxy */;
		};
		7AB08E771A1E240700102A87 /* PBXTargetDependency */ = {
			isa = PBXTargetDependency;
			target = 7AB08E581A1E240700102A87 /* CubeDodger WatchKit Extension */;
			targetProxy = 7AB08E761A1E240700102A87 /* PBXContainerItemProxy */;
		};
		7AC24D9719F7B9D100D0F7BD /* PBXTargetDependency */ = {
			isa = PBXTargetDependency;
			target = 7AC24D7B19F7B9D100D0F7BD /* CubeDodger */;
			targetProxy = 7AC24D9619F7B9D100D0F7BD /* PBXContainerItemProxy */;
		};
/* End PBXTargetDependency section */

/* Begin PBXVariantGroup section */
		7AC24D8E19F7B9D100D0F7BD /* LaunchScreen.xib */ = {
			isa = PBXVariantGroup;
			children = (
				7AC24D8F19F7B9D100D0F7BD /* Base */,
			);
			name = LaunchScreen.xib;
			sourceTree = "<group>";
		};
/* End PBXVariantGroup section */

/* Begin XCBuildConfiguration section */
		7AB08E791A1E240700102A87 /* Debug */ = {
			isa = XCBuildConfiguration;
			buildSettings = {
				CODE_SIGN_ENTITLEMENTS = "CubeDodger WatchKit Extension/CubeDodger WatchKit Extension.entitlements";
				CODE_SIGN_IDENTITY = "iPhone Developer";
				"CODE_SIGN_IDENTITY[sdk=iphoneos*]" = "iPhone Developer";
				GCC_PREPROCESSOR_DEFINITIONS = (
					"DEBUG=1",
					"$(inherited)",
				);
				INFOPLIST_FILE = "CubeDodger WatchKit Extension/Info.plist";
				IPHONEOS_DEPLOYMENT_TARGET = 8.2;
				LD_RUNPATH_SEARCH_PATHS = "$(inherited) @executable_path/Frameworks @executable_path/../../Frameworks";
				PRODUCT_NAME = "${TARGET_NAME}";
				PROVISIONING_PROFILE = "";
				SKIP_INSTALL = YES;
			};
			name = Debug;
		};
		7AB08E7A1A1E240700102A87 /* Release */ = {
			isa = XCBuildConfiguration;
			buildSettings = {
				CODE_SIGN_ENTITLEMENTS = "CubeDodger WatchKit Extension/CubeDodger WatchKit Extension.entitlements";
				CODE_SIGN_IDENTITY = "iPhone Developer";
				"CODE_SIGN_IDENTITY[sdk=iphoneos*]" = "iPhone Developer";
				INFOPLIST_FILE = "CubeDodger WatchKit Extension/Info.plist";
				IPHONEOS_DEPLOYMENT_TARGET = 8.2;
				LD_RUNPATH_SEARCH_PATHS = "$(inherited) @executable_path/Frameworks @executable_path/../../Frameworks";
				PRODUCT_NAME = "${TARGET_NAME}";
				PROVISIONING_PROFILE = "";
				SKIP_INSTALL = YES;
			};
			name = Release;
		};
		7AB08E7B1A1E240700102A87 /* Debug */ = {
			isa = XCBuildConfiguration;
			buildSettings = {
				ASSETCATALOG_COMPILER_APPICON_NAME = AppIcon;
				ASSETCATALOG_COMPILER_LAUNCHIMAGE_NAME = LaunchImage;
				GCC_PREPROCESSOR_DEFINITIONS = (
					"DEBUG=1",
					"$(inherited)",
				);
				IBSC_MODULE = CubeDodger_WatchKit_Extension;
				INFOPLIST_FILE = "CubeDodger Watch App/Info.plist";
				IPHONEOS_DEPLOYMENT_TARGET = 8.2;
				PRODUCT_NAME = "$(TARGET_NAME)";
				SKIP_INSTALL = YES;
				TARGETED_DEVICE_FAMILY = 4;
				"TARGETED_DEVICE_FAMILY[sdk=iphonesimulator*]" = "1,4";
			};
			name = Debug;
		};
		7AB08E7C1A1E240700102A87 /* Release */ = {
			isa = XCBuildConfiguration;
			buildSettings = {
				ASSETCATALOG_COMPILER_APPICON_NAME = AppIcon;
				ASSETCATALOG_COMPILER_LAUNCHIMAGE_NAME = LaunchImage;
				IBSC_MODULE = CubeDodger_WatchKit_Extension;
				INFOPLIST_FILE = "CubeDodger Watch App/Info.plist";
				IPHONEOS_DEPLOYMENT_TARGET = 8.2;
				PRODUCT_NAME = "$(TARGET_NAME)";
				SKIP_INSTALL = YES;
				TARGETED_DEVICE_FAMILY = 4;
				"TARGETED_DEVICE_FAMILY[sdk=iphonesimulator*]" = "1,4";
			};
			name = Release;
		};
		7AC24D9D19F7B9D100D0F7BD /* Debug */ = {
			isa = XCBuildConfiguration;
			buildSettings = {
				ALWAYS_SEARCH_USER_PATHS = NO;
				CLANG_CXX_LANGUAGE_STANDARD = "gnu++0x";
				CLANG_CXX_LIBRARY = "libc++";
				CLANG_ENABLE_MODULES = YES;
				CLANG_ENABLE_OBJC_ARC = YES;
				CLANG_WARN_BOOL_CONVERSION = YES;
				CLANG_WARN_CONSTANT_CONVERSION = YES;
				CLANG_WARN_DIRECT_OBJC_ISA_USAGE = YES_ERROR;
				CLANG_WARN_EMPTY_BODY = YES;
				CLANG_WARN_ENUM_CONVERSION = YES;
				CLANG_WARN_INT_CONVERSION = YES;
				CLANG_WARN_OBJC_ROOT_CLASS = YES_ERROR;
				CLANG_WARN_UNREACHABLE_CODE = YES;
				CLANG_WARN__DUPLICATE_METHOD_MATCH = YES;
				"CODE_SIGN_IDENTITY[sdk=iphoneos*]" = "iPhone Developer";
				COPY_PHASE_STRIP = NO;
				ENABLE_STRICT_OBJC_MSGSEND = YES;
				GCC_C_LANGUAGE_STANDARD = gnu99;
				GCC_DYNAMIC_NO_PIC = NO;
				GCC_OPTIMIZATION_LEVEL = 0;
				GCC_PREPROCESSOR_DEFINITIONS = (
					"DEBUG=1",
					"$(inherited)",
				);
				GCC_SYMBOLS_PRIVATE_EXTERN = NO;
				GCC_WARN_64_TO_32_BIT_CONVERSION = YES;
				GCC_WARN_ABOUT_RETURN_TYPE = YES_ERROR;
				GCC_WARN_UNDECLARED_SELECTOR = YES;
				GCC_WARN_UNINITIALIZED_AUTOS = YES_AGGRESSIVE;
				GCC_WARN_UNUSED_FUNCTION = YES;
				GCC_WARN_UNUSED_VARIABLE = YES;
				IPHONEOS_DEPLOYMENT_TARGET = 8.1;
				MTL_ENABLE_DEBUG_INFO = YES;
				ONLY_ACTIVE_ARCH = YES;
				SDKROOT = iphoneos;
				TARGETED_DEVICE_FAMILY = "1,2";
			};
			name = Debug;
		};
		7AC24D9E19F7B9D100D0F7BD /* Release */ = {
			isa = XCBuildConfiguration;
			buildSettings = {
				ALWAYS_SEARCH_USER_PATHS = NO;
				CLANG_CXX_LANGUAGE_STANDARD = "gnu++0x";
				CLANG_CXX_LIBRARY = "libc++";
				CLANG_ENABLE_MODULES = YES;
				CLANG_ENABLE_OBJC_ARC = YES;
				CLANG_WARN_BOOL_CONVERSION = YES;
				CLANG_WARN_CONSTANT_CONVERSION = YES;
				CLANG_WARN_DIRECT_OBJC_ISA_USAGE = YES_ERROR;
				CLANG_WARN_EMPTY_BODY = YES;
				CLANG_WARN_ENUM_CONVERSION = YES;
				CLANG_WARN_INT_CONVERSION = YES;
				CLANG_WARN_OBJC_ROOT_CLASS = YES_ERROR;
				CLANG_WARN_UNREACHABLE_CODE = YES;
				CLANG_WARN__DUPLICATE_METHOD_MATCH = YES;
				"CODE_SIGN_IDENTITY[sdk=iphoneos*]" = "iPhone Developer";
				COPY_PHASE_STRIP = YES;
				ENABLE_NS_ASSERTIONS = NO;
				ENABLE_STRICT_OBJC_MSGSEND = YES;
				GCC_C_LANGUAGE_STANDARD = gnu99;
				GCC_WARN_64_TO_32_BIT_CONVERSION = YES;
				GCC_WARN_ABOUT_RETURN_TYPE = YES_ERROR;
				GCC_WARN_UNDECLARED_SELECTOR = YES;
				GCC_WARN_UNINITIALIZED_AUTOS = YES_AGGRESSIVE;
				GCC_WARN_UNUSED_FUNCTION = YES;
				GCC_WARN_UNUSED_VARIABLE = YES;
				IPHONEOS_DEPLOYMENT_TARGET = 8.1;
				MTL_ENABLE_DEBUG_INFO = NO;
				SDKROOT = iphoneos;
				TARGETED_DEVICE_FAMILY = "1,2";
				VALIDATE_PRODUCT = YES;
			};
			name = Release;
		};
		7AC24DA019F7B9D100D0F7BD /* Debug */ = {
			isa = XCBuildConfiguration;
			buildSettings = {
				ASSETCATALOG_COMPILER_APPICON_NAME = AppIcon;
				CODE_SIGN_ENTITLEMENTS = CubeDodger/CubeDodger.entitlements;
				CODE_SIGN_IDENTITY = "iPhone Developer";
				"CODE_SIGN_IDENTITY[sdk=iphoneos*]" = "iPhone Developer";
				INFOPLIST_FILE = CubeDodger/Info.plist;
				IPHONEOS_DEPLOYMENT_TARGET = 8.2;
				LD_RUNPATH_SEARCH_PATHS = "$(inherited) @executable_path/Frameworks";
				PRODUCT_NAME = "$(TARGET_NAME)";
				PROVISIONING_PROFILE = "";
			};
			name = Debug;
		};
		7AC24DA119F7B9D100D0F7BD /* Release */ = {
			isa = XCBuildConfiguration;
			buildSettings = {
				ASSETCATALOG_COMPILER_APPICON_NAME = AppIcon;
				CODE_SIGN_ENTITLEMENTS = CubeDodger/CubeDodger.entitlements;
				CODE_SIGN_IDENTITY = "iPhone Developer";
				"CODE_SIGN_IDENTITY[sdk=iphoneos*]" = "iPhone Developer";
				INFOPLIST_FILE = CubeDodger/Info.plist;
				IPHONEOS_DEPLOYMENT_TARGET = 8.2;
				LD_RUNPATH_SEARCH_PATHS = "$(inherited) @executable_path/Frameworks";
				PRODUCT_NAME = "$(TARGET_NAME)";
				PROVISIONING_PROFILE = "";
			};
			name = Release;
		};
		7AC24DA319F7B9D100D0F7BD /* Debug */ = {
			isa = XCBuildConfiguration;
			buildSettings = {
				BUNDLE_LOADER = "$(TEST_HOST)";
				FRAMEWORK_SEARCH_PATHS = (
					"$(SDKROOT)/Developer/Library/Frameworks",
					"$(inherited)",
				);
				GCC_PREPROCESSOR_DEFINITIONS = (
					"DEBUG=1",
					"$(inherited)",
				);
				INFOPLIST_FILE = CubeDodgerTests/Info.plist;
				LD_RUNPATH_SEARCH_PATHS = "$(inherited) @executable_path/Frameworks @loader_path/Frameworks";
				PRODUCT_NAME = "$(TARGET_NAME)";
				TEST_HOST = "$(BUILT_PRODUCTS_DIR)/CubeDodger.app/CubeDodger";
			};
			name = Debug;
		};
		7AC24DA419F7B9D100D0F7BD /* Release */ = {
			isa = XCBuildConfiguration;
			buildSettings = {
				BUNDLE_LOADER = "$(TEST_HOST)";
				FRAMEWORK_SEARCH_PATHS = (
					"$(SDKROOT)/Developer/Library/Frameworks",
					"$(inherited)",
				);
				INFOPLIST_FILE = CubeDodgerTests/Info.plist;
				LD_RUNPATH_SEARCH_PATHS = "$(inherited) @executable_path/Frameworks @loader_path/Frameworks";
				PRODUCT_NAME = "$(TARGET_NAME)";
				TEST_HOST = "$(BUILT_PRODUCTS_DIR)/CubeDodger.app/CubeDodger";
			};
			name = Release;
		};
/* End XCBuildConfiguration section */

/* Begin XCConfigurationList section */
		7AB08E7D1A1E240700102A87 /* Build configuration list for PBXNativeTarget "CubeDodger Watch App" */ = {
			isa = XCConfigurationList;
			buildConfigurations = (
				7AB08E7B1A1E240700102A87 /* Debug */,
				7AB08E7C1A1E240700102A87 /* Release */,
			);
			defaultConfigurationIsVisible = 0;
			defaultConfigurationName = Release;
		};
		7AB08E7E1A1E240700102A87 /* Build configuration list for PBXNativeTarget "CubeDodger WatchKit Extension" */ = {
			isa = XCConfigurationList;
			buildConfigurations = (
				7AB08E791A1E240700102A87 /* Debug */,
				7AB08E7A1A1E240700102A87 /* Release */,
			);
			defaultConfigurationIsVisible = 0;
			defaultConfigurationName = Release;
		};
		7AC24D7719F7B9D100D0F7BD /* Build configuration list for PBXProject "CubeDodger" */ = {
			isa = XCConfigurationList;
			buildConfigurations = (
				7AC24D9D19F7B9D100D0F7BD /* Debug */,
				7AC24D9E19F7B9D100D0F7BD /* Release */,
			);
			defaultConfigurationIsVisible = 0;
			defaultConfigurationName = Release;
		};
		7AC24D9F19F7B9D100D0F7BD /* Build configuration list for PBXNativeTarget "CubeDodger" */ = {
			isa = XCConfigurationList;
			buildConfigurations = (
				7AC24DA019F7B9D100D0F7BD /* Debug */,
				7AC24DA119F7B9D100D0F7BD /* Release */,
			);
			defaultConfigurationIsVisible = 0;
			defaultConfigurationName = Release;
		};
		7AC24DA219F7B9D100D0F7BD /* Build configuration list for PBXNativeTarget "CubeDodgerTests" */ = {
			isa = XCConfigurationList;
			buildConfigurations = (
				7AC24DA319F7B9D100D0F7BD /* Debug */,
				7AC24DA419F7B9D100D0F7BD /* Release */,
			);
			defaultConfigurationIsVisible = 0;
			defaultConfigurationName = Release;
		};
/* End XCConfigurationList section */
	};
	rootObject = 7AC24D7419F7B9D100D0F7BD /* Project object */;
}
