<?xml version="1.0" encoding="UTF-8"?>
<Scheme
   LastUpgradeVersion = "0620"
   version = "1.3">
   <BuildAction
      parallelizeBuildables = "YES"
      buildImplicitDependencies = "YES">
      <BuildActionEntries>
         <BuildActionEntry
            buildForTesting = "YES"
            buildForRunning = "YES"
            buildForProfiling = "YES"
            buildForArchiving = "YES"
            buildForAnalyzing = "YES">
            <BuildableReference
               BuildableIdentifier = "primary"
               BlueprintIdentifier = "7AB08E6A1A1E240700102A87"
               BuildableName = "CubeDodger Watch App.app"
               BlueprintName = "CubeDodger Watch App"
               ReferencedContainer = "container:CubeDodger.xcodeproj">
            </BuildableReference>
         </BuildActionEntry>
         <BuildActionEntry
            buildForTesting = "YES"
            buildForRunning = "YES"
            buildForProfiling = "YES"
            buildForArchiving = "YES"
            buildForAnalyzing = "YES">
            <BuildableReference
               BuildableIdentifier = "primary"
               BlueprintIdentifier = "7AC24D7B19F7B9D100D0F7BD"
               BuildableName = "CubeDodger.app"
               BlueprintName = "CubeDodger"
               ReferencedContainer = "container:CubeDodger.xcodeproj">
            </BuildableReference>
         </BuildActionEntry>
         <BuildActionEntry
            buildForTesting = "YES"
            buildForRunning = "YES"
            buildForProfiling = "YES"
            buildForArchiving = "YES"
            buildForAnalyzing = "YES">
            <BuildableReference
               BuildableIdentifier = "primary"
               BlueprintIdentifier = "7AB08E581A1E240700102A87"
               BuildableName = "CubeDodger WatchKit Extension.appex"
               BlueprintName = "CubeDodger WatchKit Extension"
               ReferencedContainer = "container:CubeDodger.xcodeproj">
            </BuildableReference>
         </BuildActionEntry>
      </BuildActionEntries>
   </BuildAction>
   <TestAction
      selectedDebuggerIdentifier = "Xcode.DebuggerFoundation.Debugger.LLDB"
      selectedLauncherIdentifier = "Xcode.DebuggerFoundation.Launcher.LLDB"
      shouldUseLaunchSchemeArgsEnv = "YES"
      buildConfiguration = "Debug">
      <Testables>
      </Testables>
      <MacroExpansion>
         <BuildableReference
            BuildableIdentifier = "primary"
            BlueprintIdentifier = "7AB08E6A1A1E240700102A87"
            BuildableName = "CubeDodger Watch App.app"
            BlueprintName = "CubeDodger Watch App"
            ReferencedContainer = "container:CubeDodger.xcodeproj">
         </BuildableReference>
      </MacroExpansion>
   </TestAction>
   <LaunchAction
      selectedDebuggerIdentifier = "Xcode.DebuggerFoundation.Debugger.LLDB"
      selectedLauncherIdentifier = "Xcode.DebuggerFoundation.Launcher.LLDB"
      launchStyle = "0"
      useCustomWorkingDirectory = "NO"
      buildConfiguration = "Debug"
      ignoresPersistentStateOnLaunch = "NO"
      debugDocumentVersioning = "YES"
      allowLocationSimulation = "YES">
      <RemoteRunnable
         runnableDebuggingMode = "2"
         BundleIdentifier = "com.apple.springboard"
         RemotePath = "/CubeDodger">
         <BuildableReference
            BuildableIdentifier = "primary"
            BlueprintIdentifier = "7AB08E6A1A1E240700102A87"
            BuildableName = "CubeDodger Watch App.app"
            BlueprintName = "CubeDodger Watch App"
            ReferencedContainer = "container:CubeDodger.xcodeproj">
         </BuildableReference>
      </RemoteRunnable>
      <MacroExpansion>
         <BuildableReference
            BuildableIdentifier = "primary"
            BlueprintIdentifier = "7AB08E6A1A1E240700102A87"
            BuildableName = "CubeDodger Watch App.app"
            BlueprintName = "CubeDodger Watch App"
            ReferencedContainer = "container:CubeDodger.xcodeproj">
         </BuildableReference>
      </MacroExpansion>
      <AdditionalOptions>
      </AdditionalOptions>
   </LaunchAction>
   <ProfileAction
      shouldUseLaunchSchemeArgsEnv = "YES"
      savedToolIdentifier = ""
      useCustomWorkingDirectory = "NO"
      buildConfiguration = "Release"
      debugDocumentVersioning = "YES">
      <RemoteRunnable
         runnableDebuggingMode = "2"
         BundleIdentifier = "com.apple.springboard"
         RemotePath = "/CubeDodger">
         <BuildableReference
            BuildableIdentifier = "primary"
            BlueprintIdentifier = "7AB08E6A1A1E240700102A87"
            BuildableName = "CubeDodger Watch App.app"
            BlueprintName = "CubeDodger Watch App"
            ReferencedContainer = "container:CubeDodger.xcodeproj">
         </BuildableReference>
      </RemoteRunnable>
      <MacroExpansion>
         <BuildableReference
            BuildableIdentifier = "primary"
            BlueprintIdentifier = "7AB08E6A1A1E240700102A87"
            BuildableName = "CubeDodger Watch App.app"
            BlueprintName = "CubeDodger Watch App"
            ReferencedContainer = "container:CubeDodger.xcodeproj">
         </BuildableReference>
      </MacroExpansion>
   </ProfileAction>
   <AnalyzeAction
      buildConfiguration = "Debug">
   </AnalyzeAction>
   <ArchiveAction
      buildConfiguration = "Release"
      revealArchiveInOrganizer = "YES">
   </ArchiveAction>
</Scheme>
